// !$*UTF8*$!
{
	archiveVersion = 1;
	classes = {
	};
	objectVersion = 46;
	objects = {

/* Begin PBXBuildFile section */
		660CAC1F1A15975900ECE4B0 /* ShotModel.m in Sources */ = {isa = PBXBuildFile; fileRef = 660CAC1E1A15975900ECE4B0 /* ShotModel.m */; };
		660CAC261A1797F700ECE4B0 /* Store.m in Sources */ = {isa = PBXBuildFile; fileRef = 660CAC251A1797F700ECE4B0 /* Store.m */; };
		660CAC2D1A1C2BB900ECE4B0 /* ball.png in Resources */ = {isa = PBXBuildFile; fileRef = 660CAC2B1A1C2BB900ECE4B0 /* ball.png */; };
		6614F96A1A0FCF89009C643E /* main.m in Sources */ = {isa = PBXBuildFile; fileRef = 6614F9691A0FCF89009C643E /* main.m */; };
		6614F96D1A0FCF89009C643E /* AppDelegate.m in Sources */ = {isa = PBXBuildFile; fileRef = 6614F96C1A0FCF89009C643E /* AppDelegate.m */; };
		6614F9761A0FCF89009C643E /* Main.storyboard in Resources */ = {isa = PBXBuildFile; fileRef = 6614F9741A0FCF89009C643E /* Main.storyboard */; };
		6614F9781A0FCF89009C643E /* Images.xcassets in Resources */ = {isa = PBXBuildFile; fileRef = 6614F9771A0FCF89009C643E /* Images.xcassets */; };
		6614F97B1A0FCF89009C643E /* LaunchScreen.xib in Resources */ = {isa = PBXBuildFile; fileRef = 6614F9791A0FCF89009C643E /* LaunchScreen.xib */; };
		6614F9871A0FCF89009C643E /* dribbbleTests.m in Sources */ = {isa = PBXBuildFile; fileRef = 6614F9861A0FCF89009C643E /* dribbbleTests.m */; };
		6614F9931A0FD06E009C643E /* ShotsViewController.m in Sources */ = {isa = PBXBuildFile; fileRef = 6614F9921A0FD06E009C643E /* ShotsViewController.m */; };
		6614F9991A0FE785009C643E /* Security.framework in Frameworks */ = {isa = PBXBuildFile; fileRef = 6614F9981A0FE785009C643E /* Security.framework */; };
		6614F99C1A0FE8E3009C643E /* AuthViewController.m in Sources */ = {isa = PBXBuildFile; fileRef = 6614F99B1A0FE8E3009C643E /* AuthViewController.m */; };
		6614F99E1A0FEA10009C643E /* WebKit.framework in Frameworks */ = {isa = PBXBuildFile; fileRef = 6614F99D1A0FEA10009C643E /* WebKit.framework */; };
		6614F9A11A10270F009C643E /* APIStore.m in Sources */ = {isa = PBXBuildFile; fileRef = 6614F9A01A10270F009C643E /* APIStore.m */; };
		6614F9A81A1045A6009C643E /* ShotCollectionViewCell.m in Sources */ = {isa = PBXBuildFile; fileRef = 6614F9A71A1045A6009C643E /* ShotCollectionViewCell.m */; };
		665310591A51E52E003A408E /* world_times.png in Resources */ = {isa = PBXBuildFile; fileRef = 665310581A51E52E003A408E /* world_times.png */; };
		6653105B1A51E54C003A408E /* world_times@2x.png in Resources */ = {isa = PBXBuildFile; fileRef = 6653105A1A51E54C003A408E /* world_times@2x.png */; };
		6653105D1A51E55E003A408E /* world_times@3x.png in Resources */ = {isa = PBXBuildFile; fileRef = 6653105C1A51E55E003A408E /* world_times@3x.png */; };
		6688E1AA1A488A80009B8FCD /* UserModel.m in Sources */ = {isa = PBXBuildFile; fileRef = 6688E1A91A488A80009B8FCD /* UserModel.m */; };
		6688E1AD1A49A050009B8FCD /* LoginViewController.m in Sources */ = {isa = PBXBuildFile; fileRef = 6688E1AC1A49A050009B8FCD /* LoginViewController.m */; };
		6688E1AF1A49A6C5009B8FCD /* login.png in Resources */ = {isa = PBXBuildFile; fileRef = 6688E1AE1A49A6C5009B8FCD /* login.png */; };
		6688E1B21A4C57E4009B8FCD /* CommentTextField.m in Sources */ = {isa = PBXBuildFile; fileRef = 6688E1B11A4C57E4009B8FCD /* CommentTextField.m */; };
		6688E1BB1A51E020009B8FCD /* ProfileViewController.m in Sources */ = {isa = PBXBuildFile; fileRef = 6688E1BA1A51E020009B8FCD /* ProfileViewController.m */; };
		6688E1BD1A51E198009B8FCD /* user.png in Resources */ = {isa = PBXBuildFile; fileRef = 6688E1BC1A51E198009B8FCD /* user.png */; };
		6688E1BF1A51E1D0009B8FCD /* user@2x.png in Resources */ = {isa = PBXBuildFile; fileRef = 6688E1BE1A51E1D0009B8FCD /* user@2x.png */; };
		6688E1C11A51E1E4009B8FCD /* user@3x.png in Resources */ = {isa = PBXBuildFile; fileRef = 6688E1C01A51E1E4009B8FCD /* user@3x.png */; };
		66AEBA211A2A30A000CAEED8 /* eye@2x.png in Resources */ = {isa = PBXBuildFile; fileRef = 66AEBA1F1A2A30A000CAEED8 /* eye@2x.png */; };
		66AEBA221A2A30A000CAEED8 /* eye@3x.png in Resources */ = {isa = PBXBuildFile; fileRef = 66AEBA201A2A30A000CAEED8 /* eye@3x.png */; };
		66C3FDD21A222C69002D2AC4 /* CoreGraphics.framework in Frameworks */ = {isa = PBXBuildFile; fileRef = 66C3FDD11A222C69002D2AC4 /* CoreGraphics.framework */; };
		8A64FC0895AE8EF2A2F3DD46 /* libPods-dribbble.a in Frameworks */ = {isa = PBXBuildFile; fileRef = 79238DB5399A645295D3A342 /* libPods-dribbble.a */; };
		DD5F90815D75D8B4C5E2DEAB /* user.json in Resources */ = {isa = PBXBuildFile; fileRef = DD5F94789CE455FBBE1286D6 /* user.json */; };
		DD5F90A76740DC828FA59BA9 /* ShotDetailViewController.m in Sources */ = {isa = PBXBuildFile; fileRef = DD5F9B6D63929E6439639C54 /* ShotDetailViewController.m */; };
		DD5F90B8E5EE3D8A1819CBC1 /* ShotHeaderView.m in Sources */ = {isa = PBXBuildFile; fileRef = DD5F918193B9006D81B10A7A /* ShotHeaderView.m */; };
		DD5F91F243A8B97A6DB241A1 /* MockAuthManager.m in Sources */ = {isa = PBXBuildFile; fileRef = DD5F90FE0D50E280DB3D96CD /* MockAuthManager.m */; };
		DD5F9254B74BB12F80A7BA50 /* UIImage+ProportionalFill.m in Sources */ = {isa = PBXBuildFile; fileRef = DD5F9464F364DB97A020D617 /* UIImage+ProportionalFill.m */; };
		DD5F96E348FBCF0385589213 /* APIAuthManager.m in Sources */ = {isa = PBXBuildFile; fileRef = DD5F923F597AF2D00FDC95FF /* APIAuthManager.m */; };
		DD5F972AF9DCCB59443B949E /* AuthManager.m in Sources */ = {isa = PBXBuildFile; fileRef = DD5F91AC63C801E58CEB5DB2 /* AuthManager.m */; };
		DD5F98E1AEC2E081E2C8E1D1 /* shot.json in Resources */ = {isa = PBXBuildFile; fileRef = DD5F9327B8CBEEA296BE2550 /* shot.json */; };
		DD5F99D6A642736729899284 /* UIImage+Tint.m in Sources */ = {isa = PBXBuildFile; fileRef = DD5F9B0F21B8F7A1B63B531B /* UIImage+Tint.m */; };
		DD5F9A87097251C5020F94D8 /* MockStore.m in Sources */ = {isa = PBXBuildFile; fileRef = DD5F91A87EC17E4741A9456F /* MockStore.m */; };
		DD5F9BFC8D953A7DF3012DA1 /* ShotCommentCell.m in Sources */ = {isa = PBXBuildFile; fileRef = DD5F939E7592E0B08760D364 /* ShotCommentCell.m */; };
		DD5F9DD77CF46073B4E269D6 /* ShotMetaDetailsView.m in Sources */ = {isa = PBXBuildFile; fileRef = DD5F95DB22983FDE06C4A4D2 /* ShotMetaDetailsView.m */; };
		DD5F9F2C5936762C13480278 /* AppConstants.m in Sources */ = {isa = PBXBuildFile; fileRef = DD5F924A24E2EE825B7FF703 /* AppConstants.m */; };
/* End PBXBuildFile section */

/* Begin PBXContainerItemProxy section */
		6614F9811A0FCF89009C643E /* PBXContainerItemProxy */ = {
			isa = PBXContainerItemProxy;
			containerPortal = 6614F95C1A0FCF89009C643E /* Project object */;
			proxyType = 1;
			remoteGlobalIDString = 6614F9631A0FCF89009C643E;
			remoteInfo = dribbble;
		};
/* End PBXContainerItemProxy section */

/* Begin PBXFileReference section */
		0674129C5B7ED7BC0CE81A9C /* Pods-dribbble.release.xcconfig */ = {isa = PBXFileReference; includeInIndex = 1; lastKnownFileType = text.xcconfig; name = "Pods-dribbble.release.xcconfig"; path = "Pods/Target Support Files/Pods-dribbble/Pods-dribbble.release.xcconfig"; sourceTree = "<group>"; };
		1E6C9B34D64B7EDE8E33BBC6 /* Pods-dribbble.debug.xcconfig */ = {isa = PBXFileReference; includeInIndex = 1; lastKnownFileType = text.xcconfig; name = "Pods-dribbble.debug.xcconfig"; path = "Pods/Target Support Files/Pods-dribbble/Pods-dribbble.debug.xcconfig"; sourceTree = "<group>"; };
		660CAC1D1A15975900ECE4B0 /* ShotModel.h */ = {isa = PBXFileReference; fileEncoding = 4; lastKnownFileType = sourcecode.c.h; name = ShotModel.h; path = models/ShotModel.h; sourceTree = "<group>"; };
		660CAC1E1A15975900ECE4B0 /* ShotModel.m */ = {isa = PBXFileReference; fileEncoding = 4; lastKnownFileType = sourcecode.c.objc; name = ShotModel.m; path = models/ShotModel.m; sourceTree = "<group>"; };
		660CAC241A1797F700ECE4B0 /* Store.h */ = {isa = PBXFileReference; fileEncoding = 4; lastKnownFileType = sourcecode.c.h; name = Store.h; path = data/Store.h; sourceTree = "<group>"; };
		660CAC251A1797F700ECE4B0 /* Store.m */ = {isa = PBXFileReference; fileEncoding = 4; lastKnownFileType = sourcecode.c.objc; name = Store.m; path = data/Store.m; sourceTree = "<group>"; };
		660CAC2B1A1C2BB900ECE4B0 /* ball.png */ = {isa = PBXFileReference; lastKnownFileType = image.png; path = ball.png; sourceTree = "<group>"; };
		6614F9641A0FCF89009C643E /* dribbble.app */ = {isa = PBXFileReference; explicitFileType = wrapper.application; includeInIndex = 0; path = dribbble.app; sourceTree = BUILT_PRODUCTS_DIR; };
		6614F9681A0FCF89009C643E /* Info.plist */ = {isa = PBXFileReference; lastKnownFileType = text.plist.xml; path = Info.plist; sourceTree = "<group>"; };
		6614F9691A0FCF89009C643E /* main.m */ = {isa = PBXFileReference; lastKnownFileType = sourcecode.c.objc; path = main.m; sourceTree = "<group>"; };
		6614F96B1A0FCF89009C643E /* AppDelegate.h */ = {isa = PBXFileReference; lastKnownFileType = sourcecode.c.h; path = AppDelegate.h; sourceTree = "<group>"; };
		6614F96C1A0FCF89009C643E /* AppDelegate.m */ = {isa = PBXFileReference; lastKnownFileType = sourcecode.c.objc; path = AppDelegate.m; sourceTree = "<group>"; };
		6614F9751A0FCF89009C643E /* Base */ = {isa = PBXFileReference; lastKnownFileType = file.storyboard; name = Base; path = Base.lproj/Main.storyboard; sourceTree = "<group>"; };
		6614F9771A0FCF89009C643E /* Images.xcassets */ = {isa = PBXFileReference; lastKnownFileType = folder.assetcatalog; path = Images.xcassets; sourceTree = "<group>"; };
		6614F97A1A0FCF89009C643E /* Base */ = {isa = PBXFileReference; lastKnownFileType = file.xib; name = Base; path = Base.lproj/LaunchScreen.xib; sourceTree = "<group>"; };
		6614F9801A0FCF89009C643E /* dribbbleTests.xctest */ = {isa = PBXFileReference; explicitFileType = wrapper.cfbundle; includeInIndex = 0; path = dribbbleTests.xctest; sourceTree = BUILT_PRODUCTS_DIR; };
		6614F9851A0FCF89009C643E /* Info.plist */ = {isa = PBXFileReference; lastKnownFileType = text.plist.xml; path = Info.plist; sourceTree = "<group>"; };
		6614F9861A0FCF89009C643E /* dribbbleTests.m */ = {isa = PBXFileReference; lastKnownFileType = sourcecode.c.objc; path = dribbbleTests.m; sourceTree = "<group>"; };
		6614F9911A0FD06E009C643E /* ShotsViewController.h */ = {isa = PBXFileReference; fileEncoding = 4; lastKnownFileType = sourcecode.c.h; name = ShotsViewController.h; path = controllers/ShotsViewController.h; sourceTree = "<group>"; };
		6614F9921A0FD06E009C643E /* ShotsViewController.m */ = {isa = PBXFileReference; fileEncoding = 4; lastKnownFileType = sourcecode.c.objc; name = ShotsViewController.m; path = controllers/ShotsViewController.m; sourceTree = "<group>"; };
		6614F9981A0FE785009C643E /* Security.framework */ = {isa = PBXFileReference; lastKnownFileType = wrapper.framework; name = Security.framework; path = System/Library/Frameworks/Security.framework; sourceTree = SDKROOT; };
		6614F99A1A0FE8E3009C643E /* AuthViewController.h */ = {isa = PBXFileReference; fileEncoding = 4; lastKnownFileType = sourcecode.c.h; name = AuthViewController.h; path = controllers/AuthViewController.h; sourceTree = "<group>"; };
		6614F99B1A0FE8E3009C643E /* AuthViewController.m */ = {isa = PBXFileReference; fileEncoding = 4; lastKnownFileType = sourcecode.c.objc; name = AuthViewController.m; path = controllers/AuthViewController.m; sourceTree = "<group>"; };
		6614F99D1A0FEA10009C643E /* WebKit.framework */ = {isa = PBXFileReference; lastKnownFileType = wrapper.framework; name = WebKit.framework; path = System/Library/Frameworks/WebKit.framework; sourceTree = SDKROOT; };
		6614F99F1A10270F009C643E /* APIStore.h */ = {isa = PBXFileReference; fileEncoding = 4; lastKnownFileType = sourcecode.c.h; name = APIStore.h; path = data/APIStore.h; sourceTree = "<group>"; };
		6614F9A01A10270F009C643E /* APIStore.m */ = {isa = PBXFileReference; fileEncoding = 4; lastKnownFileType = sourcecode.c.objc; name = APIStore.m; path = data/APIStore.m; sourceTree = "<group>"; };
		6614F9A61A1045A6009C643E /* ShotCollectionViewCell.h */ = {isa = PBXFileReference; fileEncoding = 4; lastKnownFileType = sourcecode.c.h; name = ShotCollectionViewCell.h; path = views/ShotCollectionViewCell.h; sourceTree = "<group>"; };
		6614F9A71A1045A6009C643E /* ShotCollectionViewCell.m */ = {isa = PBXFileReference; fileEncoding = 4; lastKnownFileType = sourcecode.c.objc; name = ShotCollectionViewCell.m; path = views/ShotCollectionViewCell.m; sourceTree = "<group>"; };
		665310581A51E52E003A408E /* world_times.png */ = {isa = PBXFileReference; lastKnownFileType = image.png; name = world_times.png; path = "iOS Pro/PNG/Toolbar @1x Outline/Native iOS/world_times.png"; sourceTree = SOURCE_ROOT; };
		6653105A1A51E54C003A408E /* world_times@2x.png */ = {isa = PBXFileReference; lastKnownFileType = image.png; name = "world_times@2x.png"; path = "iOS Pro/PNG/Toolbar @2x Outline/Native iOS/world_times@2x.png"; sourceTree = SOURCE_ROOT; };
		6653105C1A51E55E003A408E /* world_times@3x.png */ = {isa = PBXFileReference; lastKnownFileType = image.png; name = "world_times@3x.png"; path = "iOS Pro/PNG/Toolbar @3x Outline/Native iOS/world_times@3x.png"; sourceTree = SOURCE_ROOT; };
		6688E1A81A488A80009B8FCD /* UserModel.h */ = {isa = PBXFileReference; fileEncoding = 4; lastKnownFileType = sourcecode.c.h; path = UserModel.h; sourceTree = "<group>"; };
		6688E1A91A488A80009B8FCD /* UserModel.m */ = {isa = PBXFileReference; fileEncoding = 4; lastKnownFileType = sourcecode.c.objc; path = UserModel.m; sourceTree = "<group>"; };
		6688E1AB1A49A050009B8FCD /* LoginViewController.h */ = {isa = PBXFileReference; fileEncoding = 4; lastKnownFileType = sourcecode.c.h; path = LoginViewController.h; sourceTree = "<group>"; };
		6688E1AC1A49A050009B8FCD /* LoginViewController.m */ = {isa = PBXFileReference; fileEncoding = 4; lastKnownFileType = sourcecode.c.objc; path = LoginViewController.m; sourceTree = "<group>"; };
		6688E1AE1A49A6C5009B8FCD /* login.png */ = {isa = PBXFileReference; lastKnownFileType = image.png; path = login.png; sourceTree = "<group>"; };
		6688E1B01A4C57E4009B8FCD /* CommentTextField.h */ = {isa = PBXFileReference; fileEncoding = 4; lastKnownFileType = sourcecode.c.h; path = CommentTextField.h; sourceTree = "<group>"; };
		6688E1B11A4C57E4009B8FCD /* CommentTextField.m */ = {isa = PBXFileReference; fileEncoding = 4; lastKnownFileType = sourcecode.c.objc; path = CommentTextField.m; sourceTree = "<group>"; };
		6688E1B91A51E020009B8FCD /* ProfileViewController.h */ = {isa = PBXFileReference; fileEncoding = 4; lastKnownFileType = sourcecode.c.h; path = ProfileViewController.h; sourceTree = "<group>"; };
		6688E1BA1A51E020009B8FCD /* ProfileViewController.m */ = {isa = PBXFileReference; fileEncoding = 4; lastKnownFileType = sourcecode.c.objc; path = ProfileViewController.m; sourceTree = "<group>"; };
		6688E1BC1A51E198009B8FCD /* user.png */ = {isa = PBXFileReference; lastKnownFileType = image.png; name = user.png; path = "iOS Pro/PNG/Toolbar @1x Outline/Users/user.png"; sourceTree = SOURCE_ROOT; };
		6688E1BE1A51E1D0009B8FCD /* user@2x.png */ = {isa = PBXFileReference; lastKnownFileType = image.png; name = "user@2x.png"; path = "iOS Pro/PNG/Toolbar @2x Outline/Users/user@2x.png"; sourceTree = SOURCE_ROOT; };
		6688E1C01A51E1E4009B8FCD /* user@3x.png */ = {isa = PBXFileReference; lastKnownFileType = image.png; name = "user@3x.png"; path = "iOS Pro/PNG/Toolbar @3x Outline/Users/user@3x.png"; sourceTree = SOURCE_ROOT; };
		66AEBA1F1A2A30A000CAEED8 /* eye@2x.png */ = {isa = PBXFileReference; lastKnownFileType = image.png; path = "eye@2x.png"; sourceTree = "<group>"; };
		66AEBA201A2A30A000CAEED8 /* eye@3x.png */ = {isa = PBXFileReference; lastKnownFileType = image.png; path = "eye@3x.png"; sourceTree = "<group>"; };
		66C3FDD11A222C69002D2AC4 /* CoreGraphics.framework */ = {isa = PBXFileReference; lastKnownFileType = wrapper.framework; name = CoreGraphics.framework; path = System/Library/Frameworks/CoreGraphics.framework; sourceTree = SDKROOT; };
		79238DB5399A645295D3A342 /* libPods-dribbble.a */ = {isa = PBXFileReference; explicitFileType = archive.ar; includeInIndex = 0; path = "libPods-dribbble.a"; sourceTree = BUILT_PRODUCTS_DIR; };
		DD5F9029D564E298E2BA46DA /* ShotMetaDetailsView.h */ = {isa = PBXFileReference; fileEncoding = 4; lastKnownFileType = sourcecode.c.h; path = ShotMetaDetailsView.h; sourceTree = "<group>"; };
		DD5F90FE0D50E280DB3D96CD /* MockAuthManager.m */ = {isa = PBXFileReference; fileEncoding = 4; lastKnownFileType = sourcecode.c.objc; path = MockAuthManager.m; sourceTree = "<group>"; };
		DD5F918193B9006D81B10A7A /* ShotHeaderView.m */ = {isa = PBXFileReference; fileEncoding = 4; lastKnownFileType = sourcecode.c.objc; path = ShotHeaderView.m; sourceTree = "<group>"; };
		DD5F91A87EC17E4741A9456F /* MockStore.m */ = {isa = PBXFileReference; fileEncoding = 4; lastKnownFileType = sourcecode.c.objc; name = MockStore.m; path = data/MockStore.m; sourceTree = "<group>"; };
		DD5F91AC63C801E58CEB5DB2 /* AuthManager.m */ = {isa = PBXFileReference; fileEncoding = 4; lastKnownFileType = sourcecode.c.objc; name = AuthManager.m; path = data/AuthManager.m; sourceTree = "<group>"; };
		DD5F923F597AF2D00FDC95FF /* APIAuthManager.m */ = {isa = PBXFileReference; fileEncoding = 4; lastKnownFileType = sourcecode.c.objc; path = APIAuthManager.m; sourceTree = "<group>"; };
		DD5F924A24E2EE825B7FF703 /* AppConstants.m */ = {isa = PBXFileReference; fileEncoding = 4; lastKnownFileType = sourcecode.c.objc; path = AppConstants.m; sourceTree = "<group>"; };
		DD5F92773EBDBC6EFC8CBCD2 /* UIImage+Tint.h */ = {isa = PBXFileReference; fileEncoding = 4; lastKnownFileType = sourcecode.c.h; path = "UIImage+Tint.h"; sourceTree = "<group>"; };
		DD5F9301F61858C605831B75 /* ShotDetailViewController.h */ = {isa = PBXFileReference; fileEncoding = 4; lastKnownFileType = sourcecode.c.h; path = ShotDetailViewController.h; sourceTree = "<group>"; };
		DD5F9327B8CBEEA296BE2550 /* shot.json */ = {isa = PBXFileReference; lastKnownFileType = file.json; path = shot.json; sourceTree = "<group>"; };
		DD5F939E7592E0B08760D364 /* ShotCommentCell.m */ = {isa = PBXFileReference; fileEncoding = 4; lastKnownFileType = sourcecode.c.objc; path = ShotCommentCell.m; sourceTree = "<group>"; };
		DD5F9464F364DB97A020D617 /* UIImage+ProportionalFill.m */ = {isa = PBXFileReference; fileEncoding = 4; lastKnownFileType = sourcecode.c.objc; path = "UIImage+ProportionalFill.m"; sourceTree = "<group>"; };
		DD5F94789CE455FBBE1286D6 /* user.json */ = {isa = PBXFileReference; lastKnownFileType = file.json; path = user.json; sourceTree = "<group>"; };
		DD5F9522FA7196ADB3C20EC5 /* ShotCommentCell.h */ = {isa = PBXFileReference; fileEncoding = 4; lastKnownFileType = sourcecode.c.h; path = ShotCommentCell.h; sourceTree = "<group>"; };
		DD5F95DB22983FDE06C4A4D2 /* ShotMetaDetailsView.m */ = {isa = PBXFileReference; fileEncoding = 4; lastKnownFileType = sourcecode.c.objc; path = ShotMetaDetailsView.m; sourceTree = "<group>"; };
		DD5F95EA28C4ECC74F0EDEA2 /* ShotHeaderView.h */ = {isa = PBXFileReference; fileEncoding = 4; lastKnownFileType = sourcecode.c.h; path = ShotHeaderView.h; sourceTree = "<group>"; };
		DD5F97842B972FDF0B275759 /* MockStore.h */ = {isa = PBXFileReference; fileEncoding = 4; lastKnownFileType = sourcecode.c.h; name = MockStore.h; path = data/MockStore.h; sourceTree = "<group>"; };
		DD5F9A8A614A535859366096 /* AuthManager.h */ = {isa = PBXFileReference; fileEncoding = 4; lastKnownFileType = sourcecode.c.h; name = AuthManager.h; path = data/AuthManager.h; sourceTree = "<group>"; };
		DD5F9B0F21B8F7A1B63B531B /* UIImage+Tint.m */ = {isa = PBXFileReference; fileEncoding = 4; lastKnownFileType = sourcecode.c.objc; path = "UIImage+Tint.m"; sourceTree = "<group>"; };
		DD5F9B6D63929E6439639C54 /* ShotDetailViewController.m */ = {isa = PBXFileReference; fileEncoding = 4; lastKnownFileType = sourcecode.c.objc; path = ShotDetailViewController.m; sourceTree = "<group>"; };
		DD5F9C67F12BBF86306D218F /* MockAuthManager.h */ = {isa = PBXFileReference; fileEncoding = 4; lastKnownFileType = sourcecode.c.h; path = MockAuthManager.h; sourceTree = "<group>"; };
		DD5F9D82C2881BD76E12E6B2 /* AppConstants.h */ = {isa = PBXFileReference; fileEncoding = 4; lastKnownFileType = sourcecode.c.h; path = AppConstants.h; sourceTree = "<group>"; };
		DD5F9DEB1CEF8C00FE27546C /* UIImage+ProportionalFill.h */ = {isa = PBXFileReference; fileEncoding = 4; lastKnownFileType = sourcecode.c.h; path = "UIImage+ProportionalFill.h"; sourceTree = "<group>"; };
		DD5F9E17D59BBAE0D6900752 /* APIAuthManager.h */ = {isa = PBXFileReference; fileEncoding = 4; lastKnownFileType = sourcecode.c.h; path = APIAuthManager.h; sourceTree = "<group>"; };
/* End PBXFileReference section */

/* Begin PBXFrameworksBuildPhase section */
		6614F9611A0FCF89009C643E /* Frameworks */ = {
			isa = PBXFrameworksBuildPhase;
			buildActionMask = 2147483647;
			files = (
				66C3FDD21A222C69002D2AC4 /* CoreGraphics.framework in Frameworks */,
				6614F99E1A0FEA10009C643E /* WebKit.framework in Frameworks */,
				6614F9991A0FE785009C643E /* Security.framework in Frameworks */,
				8A64FC0895AE8EF2A2F3DD46 /* libPods-dribbble.a in Frameworks */,
			);
			runOnlyForDeploymentPostprocessing = 0;
		};
		6614F97D1A0FCF89009C643E /* Frameworks */ = {
			isa = PBXFrameworksBuildPhase;
			buildActionMask = 2147483647;
			files = (
			);
			runOnlyForDeploymentPostprocessing = 0;
		};
/* End PBXFrameworksBuildPhase section */

/* Begin PBXGroup section */
		3964960BB8B6F09F038EE3F7 /* Pods */ = {
			isa = PBXGroup;
			children = (
				1E6C9B34D64B7EDE8E33BBC6 /* Pods-dribbble.debug.xcconfig */,
				0674129C5B7ED7BC0CE81A9C /* Pods-dribbble.release.xcconfig */,
			);
			name = Pods;
			sourceTree = "<group>";
		};
		660CAC1C1A15972D00ECE4B0 /* models */ = {
			isa = PBXGroup;
			children = (
				660CAC1D1A15975900ECE4B0 /* ShotModel.h */,
				660CAC1E1A15975900ECE4B0 /* ShotModel.m */,
				6688E1A81A488A80009B8FCD /* UserModel.h */,
				6688E1A91A488A80009B8FCD /* UserModel.m */,
			);
			name = models;
			sourceTree = "<group>";
		};
		660CAC201A1797BB00ECE4B0 /* store */ = {
			isa = PBXGroup;
			children = (
				6614F99F1A10270F009C643E /* APIStore.h */,
				6614F9A01A10270F009C643E /* APIStore.m */,
				660CAC241A1797F700ECE4B0 /* Store.h */,
				660CAC251A1797F700ECE4B0 /* Store.m */,
				DD5F97842B972FDF0B275759 /* MockStore.h */,
				DD5F91A87EC17E4741A9456F /* MockStore.m */,
			);
			name = store;
			sourceTree = "<group>";
		};
		660CAC2A1A1C2BB900ECE4B0 /* assets */ = {
			isa = PBXGroup;
			children = (
				6653105C1A51E55E003A408E /* world_times@3x.png */,
				6653105A1A51E54C003A408E /* world_times@2x.png */,
				665310581A51E52E003A408E /* world_times.png */,
				6688E1C01A51E1E4009B8FCD /* user@3x.png */,
				6688E1BE1A51E1D0009B8FCD /* user@2x.png */,
				6688E1BC1A51E198009B8FCD /* user.png */,
				6688E1AE1A49A6C5009B8FCD /* login.png */,
				66AEBA1F1A2A30A000CAEED8 /* eye@2x.png */,
				66AEBA201A2A30A000CAEED8 /* eye@3x.png */,
				660CAC2B1A1C2BB900ECE4B0 /* ball.png */,
			);
			path = assets;
			sourceTree = "<group>";
		};
		6614F95B1A0FCF89009C643E = {
			isa = PBXGroup;
			children = (
				6614F9661A0FCF89009C643E /* dribbble */,
				6614F9831A0FCF89009C643E /* dribbbleTests */,
				6614F9651A0FCF89009C643E /* Products */,
				3964960BB8B6F09F038EE3F7 /* Pods */,
				CD27899459CA994D3422EB80 /* Frameworks */,
			);
			sourceTree = "<group>";
		};
		6614F9651A0FCF89009C643E /* Products */ = {
			isa = PBXGroup;
			children = (
				6614F9641A0FCF89009C643E /* dribbble.app */,
				6614F9801A0FCF89009C643E /* dribbbleTests.xctest */,
			);
			name = Products;
			sourceTree = "<group>";
		};
		6614F9661A0FCF89009C643E /* dribbble */ = {
			isa = PBXGroup;
			children = (
				660CAC2A1A1C2BB900ECE4B0 /* assets */,
				660CAC1C1A15972D00ECE4B0 /* models */,
				6614F9941A0FD123009C643E /* data */,
				6614F9901A0FCFB6009C643E /* controllers */,
				6614F9A51A10456A009C643E /* views */,
				6614F96B1A0FCF89009C643E /* AppDelegate.h */,
				6614F96C1A0FCF89009C643E /* AppDelegate.m */,
				6614F9741A0FCF89009C643E /* Main.storyboard */,
				6614F9771A0FCF89009C643E /* Images.xcassets */,
				6614F9791A0FCF89009C643E /* LaunchScreen.xib */,
				6614F9671A0FCF89009C643E /* Supporting Files */,
				DD5F924A24E2EE825B7FF703 /* AppConstants.m */,
				DD5F9D82C2881BD76E12E6B2 /* AppConstants.h */,
			);
			path = dribbble;
			sourceTree = "<group>";
		};
		6614F9671A0FCF89009C643E /* Supporting Files */ = {
			isa = PBXGroup;
			children = (
				6614F9681A0FCF89009C643E /* Info.plist */,
				6614F9691A0FCF89009C643E /* main.m */,
				DD5F93B6B55ACB9168856563 /* json */,
			);
			name = "Supporting Files";
			sourceTree = "<group>";
		};
		6614F9831A0FCF89009C643E /* dribbbleTests */ = {
			isa = PBXGroup;
			children = (
				6614F9861A0FCF89009C643E /* dribbbleTests.m */,
				6614F9841A0FCF89009C643E /* Supporting Files */,
			);
			path = dribbbleTests;
			sourceTree = "<group>";
		};
		6614F9841A0FCF89009C643E /* Supporting Files */ = {
			isa = PBXGroup;
			children = (
				6614F9851A0FCF89009C643E /* Info.plist */,
			);
			name = "Supporting Files";
			sourceTree = "<group>";
		};
		6614F9901A0FCFB6009C643E /* controllers */ = {
			isa = PBXGroup;
			children = (
				6614F9911A0FD06E009C643E /* ShotsViewController.h */,
				6614F9921A0FD06E009C643E /* ShotsViewController.m */,
				6614F99A1A0FE8E3009C643E /* AuthViewController.h */,
				6614F99B1A0FE8E3009C643E /* AuthViewController.m */,
				DD5F9B6D63929E6439639C54 /* ShotDetailViewController.m */,
				DD5F9301F61858C605831B75 /* ShotDetailViewController.h */,
				6688E1AB1A49A050009B8FCD /* LoginViewController.h */,
				6688E1AC1A49A050009B8FCD /* LoginViewController.m */,
				6688E1B91A51E020009B8FCD /* ProfileViewController.h */,
				6688E1BA1A51E020009B8FCD /* ProfileViewController.m */,
			);
			name = controllers;
			sourceTree = "<group>";
		};
		6614F9941A0FD123009C643E /* data */ = {
			isa = PBXGroup;
			children = (
				660CAC201A1797BB00ECE4B0 /* store */,
				DD5F91BD2AD3CA093C2D9DC1 /* auth */,
			);
			name = data;
			sourceTree = "<group>";
		};
		6614F9A51A10456A009C643E /* views */ = {
			isa = PBXGroup;
			children = (
				6614F9A61A1045A6009C643E /* ShotCollectionViewCell.h */,
				6614F9A71A1045A6009C643E /* ShotCollectionViewCell.m */,
				DD5F982BB475F1B09237F174 /* image */,
				DD5F9ED696B634A738622AE8 /* detail */,
			);
			name = views;
			sourceTree = "<group>";
		};
		CD27899459CA994D3422EB80 /* Frameworks */ = {
			isa = PBXGroup;
			children = (
				66C3FDD11A222C69002D2AC4 /* CoreGraphics.framework */,
				6614F99D1A0FEA10009C643E /* WebKit.framework */,
				6614F9981A0FE785009C643E /* Security.framework */,
				79238DB5399A645295D3A342 /* libPods-dribbble.a */,
			);
			name = Frameworks;
			sourceTree = "<group>";
		};
		DD5F91BD2AD3CA093C2D9DC1 /* auth */ = {
			isa = PBXGroup;
			children = (
				DD5F9A8A614A535859366096 /* AuthManager.h */,
				DD5F91AC63C801E58CEB5DB2 /* AuthManager.m */,
				DD5F923F597AF2D00FDC95FF /* APIAuthManager.m */,
				DD5F9E17D59BBAE0D6900752 /* APIAuthManager.h */,
				DD5F90FE0D50E280DB3D96CD /* MockAuthManager.m */,
				DD5F9C67F12BBF86306D218F /* MockAuthManager.h */,
			);
			name = auth;
			sourceTree = "<group>";
		};
		DD5F93B6B55ACB9168856563 /* json */ = {
			isa = PBXGroup;
			children = (
				DD5F94789CE455FBBE1286D6 /* user.json */,
				DD5F9327B8CBEEA296BE2550 /* shot.json */,
			);
			name = json;
			sourceTree = "<group>";
		};
		DD5F982BB475F1B09237F174 /* image */ = {
			isa = PBXGroup;
			children = (
				DD5F9464F364DB97A020D617 /* UIImage+ProportionalFill.m */,
				DD5F9DEB1CEF8C00FE27546C /* UIImage+ProportionalFill.h */,
				DD5F9B0F21B8F7A1B63B531B /* UIImage+Tint.m */,
				DD5F92773EBDBC6EFC8CBCD2 /* UIImage+Tint.h */,
			);
			name = image;
			sourceTree = "<group>";
		};
		DD5F9ED696B634A738622AE8 /* detail */ = {
			isa = PBXGroup;
			children = (
				DD5F95EA28C4ECC74F0EDEA2 /* ShotHeaderView.h */,
				DD5F918193B9006D81B10A7A /* ShotHeaderView.m */,
				DD5F95DB22983FDE06C4A4D2 /* ShotMetaDetailsView.m */,
				DD5F9029D564E298E2BA46DA /* ShotMetaDetailsView.h */,
				DD5F939E7592E0B08760D364 /* ShotCommentCell.m */,
				DD5F9522FA7196ADB3C20EC5 /* ShotCommentCell.h */,
				6688E1B01A4C57E4009B8FCD /* CommentTextField.h */,
				6688E1B11A4C57E4009B8FCD /* CommentTextField.m */,
			);
			name = detail;
			sourceTree = "<group>";
		};
/* End PBXGroup section */

/* Begin PBXNativeTarget section */
		6614F9631A0FCF89009C643E /* dribbble */ = {
			isa = PBXNativeTarget;
			buildConfigurationList = 6614F98A1A0FCF89009C643E /* Build configuration list for PBXNativeTarget "dribbble" */;
			buildPhases = (
				0716015B28603F9237E119EF /* Check Pods Manifest.lock */,
				6614F9601A0FCF89009C643E /* Sources */,
				6614F9611A0FCF89009C643E /* Frameworks */,
				6614F9621A0FCF89009C643E /* Resources */,
				A7CCB7F4CAEA137648406B4C /* Copy Pods Resources */,
			);
			buildRules = (
			);
			dependencies = (
			);
			name = dribbble;
			productName = dribbble;
			productReference = 6614F9641A0FCF89009C643E /* dribbble.app */;
			productType = "com.apple.product-type.application";
		};
		6614F97F1A0FCF89009C643E /* dribbbleTests */ = {
			isa = PBXNativeTarget;
			buildConfigurationList = 6614F98D1A0FCF89009C643E /* Build configuration list for PBXNativeTarget "dribbbleTests" */;
			buildPhases = (
				6614F97C1A0FCF89009C643E /* Sources */,
				6614F97D1A0FCF89009C643E /* Frameworks */,
				6614F97E1A0FCF89009C643E /* Resources */,
			);
			buildRules = (
			);
			dependencies = (
				6614F9821A0FCF89009C643E /* PBXTargetDependency */,
			);
			name = dribbbleTests;
			productName = dribbbleTests;
			productReference = 6614F9801A0FCF89009C643E /* dribbbleTests.xctest */;
			productType = "com.apple.product-type.bundle.unit-test";
		};
/* End PBXNativeTarget section */

/* Begin PBXProject section */
		6614F95C1A0FCF89009C643E /* Project object */ = {
			isa = PBXProject;
			attributes = {
				LastUpgradeCheck = 0610;
				ORGANIZATIONNAME = "Omar Estrella";
				TargetAttributes = {
					6614F9631A0FCF89009C643E = {
						CreatedOnToolsVersion = 6.1;
					};
					6614F97F1A0FCF89009C643E = {
						CreatedOnToolsVersion = 6.1;
						TestTargetID = 6614F9631A0FCF89009C643E;
					};
				};
			};
			buildConfigurationList = 6614F95F1A0FCF89009C643E /* Build configuration list for PBXProject "dribbble" */;
			compatibilityVersion = "Xcode 3.2";
			developmentRegion = English;
			hasScannedForEncodings = 0;
			knownRegions = (
				en,
				Base,
			);
			mainGroup = 6614F95B1A0FCF89009C643E;
			productRefGroup = 6614F9651A0FCF89009C643E /* Products */;
			projectDirPath = "";
			projectRoot = "";
			targets = (
				6614F9631A0FCF89009C643E /* dribbble */,
				6614F97F1A0FCF89009C643E /* dribbbleTests */,
			);
		};
/* End PBXProject section */

/* Begin PBXResourcesBuildPhase section */
		6614F9621A0FCF89009C643E /* Resources */ = {
			isa = PBXResourcesBuildPhase;
			buildActionMask = 2147483647;
			files = (
				6688E1C11A51E1E4009B8FCD /* user@3x.png in Resources */,
				66AEBA221A2A30A000CAEED8 /* eye@3x.png in Resources */,
				6653105D1A51E55E003A408E /* world_times@3x.png in Resources */,
				6614F97B1A0FCF89009C643E /* LaunchScreen.xib in Resources */,
				6614F9761A0FCF89009C643E /* Main.storyboard in Resources */,
				6614F9781A0FCF89009C643E /* Images.xcassets in Resources */,
				DD5F90815D75D8B4C5E2DEAB /* user.json in Resources */,
				6688E1AF1A49A6C5009B8FCD /* login.png in Resources */,
				665310591A51E52E003A408E /* world_times.png in Resources */,
				6688E1BD1A51E198009B8FCD /* user.png in Resources */,
				66AEBA211A2A30A000CAEED8 /* eye@2x.png in Resources */,
				6653105B1A51E54C003A408E /* world_times@2x.png in Resources */,
				DD5F98E1AEC2E081E2C8E1D1 /* shot.json in Resources */,
				660CAC2D1A1C2BB900ECE4B0 /* ball.png in Resources */,
				6688E1BF1A51E1D0009B8FCD /* user@2x.png in Resources */,
			);
			runOnlyForDeploymentPostprocessing = 0;
		};
		6614F97E1A0FCF89009C643E /* Resources */ = {
			isa = PBXResourcesBuildPhase;
			buildActionMask = 2147483647;
			files = (
			);
			runOnlyForDeploymentPostprocessing = 0;
		};
/* End PBXResourcesBuildPhase section */

/* Begin PBXShellScriptBuildPhase section */
		0716015B28603F9237E119EF /* Check Pods Manifest.lock */ = {
			isa = PBXShellScriptBuildPhase;
			buildActionMask = 2147483647;
			files = (
			);
			inputPaths = (
			);
			name = "Check Pods Manifest.lock";
			outputPaths = (
			);
			runOnlyForDeploymentPostprocessing = 0;
			shellPath = /bin/sh;
			shellScript = "diff \"${PODS_ROOT}/../Podfile.lock\" \"${PODS_ROOT}/Manifest.lock\" > /dev/null\nif [[ $? != 0 ]] ; then\n    cat << EOM\nerror: The sandbox is not in sync with the Podfile.lock. Run 'pod install' or update your CocoaPods installation.\nEOM\n    exit 1\nfi\n";
			showEnvVarsInLog = 0;
		};
		A7CCB7F4CAEA137648406B4C /* Copy Pods Resources */ = {
			isa = PBXShellScriptBuildPhase;
			buildActionMask = 2147483647;
			files = (
			);
			inputPaths = (
			);
			name = "Copy Pods Resources";
			outputPaths = (
			);
			runOnlyForDeploymentPostprocessing = 0;
			shellPath = /bin/sh;
			shellScript = "\"${SRCROOT}/Pods/Target Support Files/Pods-dribbble/Pods-dribbble-resources.sh\"\n";
			showEnvVarsInLog = 0;
		};
/* End PBXShellScriptBuildPhase section */

/* Begin PBXSourcesBuildPhase section */
		6614F9601A0FCF89009C643E /* Sources */ = {
			isa = PBXSourcesBuildPhase;
			buildActionMask = 2147483647;
			files = (
				6614F9A81A1045A6009C643E /* ShotCollectionViewCell.m in Sources */,
				6614F96D1A0FCF89009C643E /* AppDelegate.m in Sources */,
				6614F99C1A0FE8E3009C643E /* AuthViewController.m in Sources */,
				660CAC261A1797F700ECE4B0 /* Store.m in Sources */,
				660CAC1F1A15975900ECE4B0 /* ShotModel.m in Sources */,
				6614F9931A0FD06E009C643E /* ShotsViewController.m in Sources */,
				6688E1AA1A488A80009B8FCD /* UserModel.m in Sources */,
				6614F96A1A0FCF89009C643E /* main.m in Sources */,
				6614F9A11A10270F009C643E /* APIStore.m in Sources */,
				DD5F9A87097251C5020F94D8 /* MockStore.m in Sources */,
				6688E1BB1A51E020009B8FCD /* ProfileViewController.m in Sources */,
				DD5F972AF9DCCB59443B949E /* AuthManager.m in Sources */,
				6688E1AD1A49A050009B8FCD /* LoginViewController.m in Sources */,
				DD5F96E348FBCF0385589213 /* APIAuthManager.m in Sources */,
				DD5F91F243A8B97A6DB241A1 /* MockAuthManager.m in Sources */,
				DD5F9F2C5936762C13480278 /* AppConstants.m in Sources */,
				6688E1B21A4C57E4009B8FCD /* CommentTextField.m in Sources */,
				DD5F90A76740DC828FA59BA9 /* ShotDetailViewController.m in Sources */,
				DD5F9254B74BB12F80A7BA50 /* UIImage+ProportionalFill.m in Sources */,
				DD5F99D6A642736729899284 /* UIImage+Tint.m in Sources */,
				DD5F90B8E5EE3D8A1819CBC1 /* ShotHeaderView.m in Sources */,
				DD5F9DD77CF46073B4E269D6 /* ShotMetaDetailsView.m in Sources */,
				DD5F9BFC8D953A7DF3012DA1 /* ShotCommentCell.m in Sources */,
			);
			runOnlyForDeploymentPostprocessing = 0;
		};
		6614F97C1A0FCF89009C643E /* Sources */ = {
			isa = PBXSourcesBuildPhase;
			buildActionMask = 2147483647;
			files = (
				6614F9871A0FCF89009C643E /* dribbbleTests.m in Sources */,
			);
			runOnlyForDeploymentPostprocessing = 0;
		};
/* End PBXSourcesBuildPhase section */

/* Begin PBXTargetDependency section */
		6614F9821A0FCF89009C643E /* PBXTargetDependency */ = {
			isa = PBXTargetDependency;
			target = 6614F9631A0FCF89009C643E /* dribbble */;
			targetProxy = 6614F9811A0FCF89009C643E /* PBXContainerItemProxy */;
		};
/* End PBXTargetDependency section */

/* Begin PBXVariantGroup section */
		6614F9741A0FCF89009C643E /* Main.storyboard */ = {
			isa = PBXVariantGroup;
			children = (
				6614F9751A0FCF89009C643E /* Base */,
			);
			name = Main.storyboard;
			sourceTree = "<group>";
		};
		6614F9791A0FCF89009C643E /* LaunchScreen.xib */ = {
			isa = PBXVariantGroup;
			children = (
				6614F97A1A0FCF89009C643E /* Base */,
			);
			name = LaunchScreen.xib;
			sourceTree = "<group>";
		};
/* End PBXVariantGroup section */

/* Begin XCBuildConfiguration section */
		6614F9881A0FCF89009C643E /* Debug */ = {
			isa = XCBuildConfiguration;
			buildSettings = {
				ALWAYS_SEARCH_USER_PATHS = NO;
				CLANG_CXX_LANGUAGE_STANDARD = "gnu++0x";
				CLANG_CXX_LIBRARY = "libc++";
				CLANG_ENABLE_MODULES = YES;
				CLANG_ENABLE_OBJC_ARC = YES;
				CLANG_WARN_BOOL_CONVERSION = YES;
				CLANG_WARN_CONSTANT_CONVERSION = YES;
				CLANG_WARN_DIRECT_OBJC_ISA_USAGE = YES_ERROR;
				CLANG_WARN_EMPTY_BODY = YES;
				CLANG_WARN_ENUM_CONVERSION = YES;
				CLANG_WARN_INT_CONVERSION = YES;
				CLANG_WARN_OBJC_ROOT_CLASS = YES_ERROR;
				CLANG_WARN_UNREACHABLE_CODE = YES;
				CLANG_WARN__DUPLICATE_METHOD_MATCH = YES;
				"CODE_SIGN_IDENTITY[sdk=iphoneos*]" = "iPhone Developer";
				COPY_PHASE_STRIP = NO;
				ENABLE_STRICT_OBJC_MSGSEND = YES;
				GCC_C_LANGUAGE_STANDARD = gnu99;
				GCC_DYNAMIC_NO_PIC = NO;
				GCC_OPTIMIZATION_LEVEL = 0;
				GCC_PREPROCESSOR_DEFINITIONS = (
					"DEBUG=1",
					"$(inherited)",
				);
				"GCC_PREPROCESSOR_DEFINITIONS[arch=*]" = "DEBUG=1";
				GCC_SYMBOLS_PRIVATE_EXTERN = NO;
				GCC_WARN_64_TO_32_BIT_CONVERSION = YES;
				GCC_WARN_ABOUT_RETURN_TYPE = YES_ERROR;
				GCC_WARN_UNDECLARED_SELECTOR = YES;
				GCC_WARN_UNINITIALIZED_AUTOS = YES_AGGRESSIVE;
				GCC_WARN_UNUSED_FUNCTION = YES;
				GCC_WARN_UNUSED_VARIABLE = YES;
				IPHONEOS_DEPLOYMENT_TARGET = 8.1;
				MTL_ENABLE_DEBUG_INFO = YES;
				ONLY_ACTIVE_ARCH = YES;
				SDKROOT = iphoneos;
			};
			name = Debug;
		};
		6614F9891A0FCF89009C643E /* Release */ = {
			isa = XCBuildConfiguration;
			buildSettings = {
				ALWAYS_SEARCH_USER_PATHS = NO;
				CLANG_CXX_LANGUAGE_STANDARD = "gnu++0x";
				CLANG_CXX_LIBRARY = "libc++";
				CLANG_ENABLE_MODULES = YES;
				CLANG_ENABLE_OBJC_ARC = YES;
				CLANG_WARN_BOOL_CONVERSION = YES;
				CLANG_WARN_CONSTANT_CONVERSION = YES;
				CLANG_WARN_DIRECT_OBJC_ISA_USAGE = YES_ERROR;
				CLANG_WARN_EMPTY_BODY = YES;
				CLANG_WARN_ENUM_CONVERSION = YES;
				CLANG_WARN_INT_CONVERSION = YES;
				CLANG_WARN_OBJC_ROOT_CLASS = YES_ERROR;
				CLANG_WARN_UNREACHABLE_CODE = YES;
				CLANG_WARN__DUPLICATE_METHOD_MATCH = YES;
				"CODE_SIGN_IDENTITY[sdk=iphoneos*]" = "iPhone Developer";
				COPY_PHASE_STRIP = YES;
				ENABLE_NS_ASSERTIONS = NO;
				ENABLE_STRICT_OBJC_MSGSEND = YES;
				GCC_C_LANGUAGE_STANDARD = gnu99;
				GCC_WARN_64_TO_32_BIT_CONVERSION = YES;
				GCC_WARN_ABOUT_RETURN_TYPE = YES_ERROR;
				GCC_WARN_UNDECLARED_SELECTOR = YES;
				GCC_WARN_UNINITIALIZED_AUTOS = YES_AGGRESSIVE;
				GCC_WARN_UNUSED_FUNCTION = YES;
				GCC_WARN_UNUSED_VARIABLE = YES;
				IPHONEOS_DEPLOYMENT_TARGET = 8.1;
				MTL_ENABLE_DEBUG_INFO = NO;
				SDKROOT = iphoneos;
				VALIDATE_PRODUCT = YES;
			};
			name = Release;
		};
		6614F98B1A0FCF89009C643E /* Debug */ = {
			isa = XCBuildConfiguration;
			baseConfigurationReference = 1E6C9B34D64B7EDE8E33BBC6 /* Pods-dribbble.debug.xcconfig */;
			buildSettings = {
				ASSETCATALOG_COMPILER_APPICON_NAME = AppIcon;
				"GCC_PREPROCESSOR_DEFINITIONS[arch=*]" = (
					"$(inherited)",
					"COCOAPODS=1",
					"$(inherited)",
					"PMK_NSNOTIFICATIONCENTER=1",
					"$(inherited)",
					"PMK_NSURLCONNECTION=1",
					"$(inherited)",
					"PMK_PAUSE=1",
					"$(inherited)",
					"PMK_UIACTIONSHEET=1",
					"$(inherited)",
					"PMK_UIALERTVIEW=1",
					"$(inherited)",
					"PMK_UIVIEW=1",
					"$(inherited)",
					"PMK_UIVIEWCONTROLLER=1",
					"$(inherited)",
					"PMK_UNTIL=1",
					"$(inherited)",
					"PMK_WHEN=1",
				);
				INFOPLIST_FILE = dribbble/Info.plist;
				LD_RUNPATH_SEARCH_PATHS = "$(inherited) @executable_path/Frameworks";
				PRODUCT_NAME = "$(TARGET_NAME)";
				USER_HEADER_SEARCH_PATHS = "\"${PROJECT_DIR}/Pods\"/**";
			};
			name = Debug;
		};
		6614F98C1A0FCF89009C643E /* Release */ = {
			isa = XCBuildConfiguration;
			baseConfigurationReference = 0674129C5B7ED7BC0CE81A9C /* Pods-dribbble.release.xcconfig */;
			buildSettings = {
				ASSETCATALOG_COMPILER_APPICON_NAME = AppIcon;
				INFOPLIST_FILE = dribbble/Info.plist;
				LD_RUNPATH_SEARCH_PATHS = "$(inherited) @executable_path/Frameworks";
				PRODUCT_NAME = "$(TARGET_NAME)";
				USER_HEADER_SEARCH_PATHS = "\"${PROJECT_DIR}/Pods\"/**";
			};
			name = Release;
		};
		6614F98E1A0FCF89009C643E /* Debug */ = {
			isa = XCBuildConfiguration;
			buildSettings = {
				BUNDLE_LOADER = "$(TEST_HOST)";
				FRAMEWORK_SEARCH_PATHS = (
					"$(SDKROOT)/Developer/Library/Frameworks",
					"$(inherited)",
				);
				GCC_PREPROCESSOR_DEFINITIONS = (
					"DEBUG=1",
					"$(inherited)",
				);
				INFOPLIST_FILE = dribbbleTests/Info.plist;
				LD_RUNPATH_SEARCH_PATHS = "$(inherited) @executable_path/Frameworks @loader_path/Frameworks";
				PRODUCT_NAME = "$(TARGET_NAME)";
				TEST_HOST = "$(BUILT_PRODUCTS_DIR)/dribbble.app/dribbble";
			};
			name = Debug;
		};
		6614F98F1A0FCF89009C643E /* Release */ = {
			isa = XCBuildConfiguration;
			buildSettings = {
				BUNDLE_LOADER = "$(TEST_HOST)";
				FRAMEWORK_SEARCH_PATHS = (
					"$(SDKROOT)/Developer/Library/Frameworks",
					"$(inherited)",
				);
				INFOPLIST_FILE = dribbbleTests/Info.plist;
				LD_RUNPATH_SEARCH_PATHS = "$(inherited) @executable_path/Frameworks @loader_path/Frameworks";
				PRODUCT_NAME = "$(TARGET_NAME)";
				TEST_HOST = "$(BUILT_PRODUCTS_DIR)/dribbble.app/dribbble";
			};
			name = Release;
		};
/* End XCBuildConfiguration section */

/* Begin XCConfigurationList section */
		6614F95F1A0FCF89009C643E /* Build configuration list for PBXProject "dribbble" */ = {
			isa = XCConfigurationList;
			buildConfigurations = (
				6614F9881A0FCF89009C643E /* Debug */,
				6614F9891A0FCF89009C643E /* Release */,
			);
			defaultConfigurationIsVisible = 0;
			defaultConfigurationName = Release;
		};
		6614F98A1A0FCF89009C643E /* Build configuration list for PBXNativeTarget "dribbble" */ = {
			isa = XCConfigurationList;
			buildConfigurations = (
				6614F98B1A0FCF89009C643E /* Debug */,
				6614F98C1A0FCF89009C643E /* Release */,
			);
			defaultConfigurationIsVisible = 0;
			defaultConfigurationName = Release;
		};
		6614F98D1A0FCF89009C643E /* Build configuration list for PBXNativeTarget "dribbbleTests" */ = {
			isa = XCConfigurationList;
			buildConfigurations = (
				6614F98E1A0FCF89009C643E /* Debug */,
				6614F98F1A0FCF89009C643E /* Release */,
			);
			defaultConfigurationIsVisible = 0;
			defaultConfigurationName = Release;
		};
/* End XCConfigurationList section */
	};
	rootObject = 6614F95C1A0FCF89009C643E /* Project object */;
}
